
Microsoft Visual Studio Solution File, Format Version 12.00
# Visual Studio Version 16
VisualStudioVersion = 16.0.32602.291
MinimumVisualStudioVersion = 10.0.40219.1
Project("{FAE04EC0-301F-11D3-BF4B-00C04F79EFBC}") = "ConsoleApp2", "ConsoleApp2\ConsoleApp2.csproj", "{4BF2379D-25C0-4251-B0EF-A1ABBE6D943B}"
EndProject
Project("{FAE04EC0-301F-11D3-BF4B-00C04F79EFBC}") = "Project1", "Project1\Project1.csproj", "{97A18D7D-EB32-4296-8EEE-F0E0CA812BF4}"
EndProject
Project("{FAE04EC0-301F-11D3-BF4B-00C04F79EFBC}") = "WebApplication1", "WebApplication1\WebApplication1.csproj", "{B53DF4D7-37AB-4AD8-9C88-A4BBAA9B35CA}"
EndProject
Project("{FAE04EC0-301F-11D3-BF4B-00C04F79EFBC}") = "WebApplication1.Tests", "WebApplication1.Tests\WebApplication1.Tests.csproj", "{6C72B822-017C-4CFB-B809-E356D14F1FA4}"
EndProject
Project("{FAE04EC0-301F-11D3-BF4B-00C04F79EFBC}") = "CarrierApplication", "..\CarrierApplication\CarrierApplication.csproj", "{06FF7D1E-068B-4145-AAB4-2A875ECBCCCB}"
EndProject
Global
	GlobalSection(SolutionConfigurationPlatforms) = preSolution
		Debug|Any CPU = Debug|Any CPU
		Release|Any CPU = Release|Any CPU
	EndGlobalSection
	GlobalSection(ProjectConfigurationPlatforms) = postSolution
		{4BF2379D-25C0-4251-B0EF-A1ABBE6D943B}.Debug|Any CPU.ActiveCfg = Debug|Any CPU
		{4BF2379D-25C0-4251-B0EF-A1ABBE6D943B}.Debug|Any CPU.Build.0 = Debug|Any CPU
		{4BF2379D-25C0-4251-B0EF-A1ABBE6D943B}.Release|Any CPU.ActiveCfg = Release|Any CPU
		{4BF2379D-25C0-4251-B0EF-A1ABBE6D943B}.Release|Any CPU.Build.0 = Release|Any CPU
		{97A18D7D-EB32-4296-8EEE-F0E0CA812BF4}.Debug|Any CPU.ActiveCfg = Debug|Any CPU
		{97A18D7D-EB32-4296-8EEE-F0E0CA812BF4}.Debug|Any CPU.Build.0 = Debug|Any CPU
		{97A18D7D-EB32-4296-8EEE-F0E0CA812BF4}.Release|Any CPU.ActiveCfg = Release|Any CPU
		{97A18D7D-EB32-4296-8EEE-F0E0CA812BF4}.Release|Any CPU.Build.0 = Release|Any CPU
		{B53DF4D7-37AB-4AD8-9C88-A4BBAA9B35CA}.Debug|Any CPU.ActiveCfg = Debug|Any CPU
		{B53DF4D7-37AB-4AD8-9C88-A4BBAA9B35CA}.Debug|Any CPU.Build.0 = Debug|Any CPU
		{B53DF4D7-37AB-4AD8-9C88-A4BBAA9B35CA}.Release|Any CPU.ActiveCfg = Release|Any CPU
		{B53DF4D7-37AB-4AD8-9C88-A4BBAA9B35CA}.Release|Any CPU.Build.0 = Release|Any CPU
		{6C72B822-017C-4CFB-B809-E356D14F1FA4}.Debug|Any CPU.ActiveCfg = Debug|Any CPU
		{6C72B822-017C-4CFB-B809-E356D14F1FA4}.Debug|Any CPU.Build.0 = Debug|Any CPU
		{6C72B822-017C-4CFB-B809-E356D14F1FA4}.Release|Any CPU.ActiveCfg = Release|Any CPU
		{6C72B822-017C-4CFB-B809-E356D14F1FA4}.Release|Any CPU.Build.0 = Release|Any CPU
		{06FF7D1E-068B-4145-AAB4-2A875ECBCCCB}.Debug|Any CPU.ActiveCfg = Debug|Any CPU
		{06FF7D1E-068B-4145-AAB4-2A875ECBCCCB}.Debug|Any CPU.Build.0 = Debug|Any CPU
		{06FF7D1E-068B-4145-AAB4-2A875ECBCCCB}.Release|Any CPU.ActiveCfg = Release|Any CPU
		{06FF7D1E-068B-4145-AAB4-2A875ECBCCCB}.Release|Any CPU.Build.0 = Release|Any CPU
	EndGlobalSection
	GlobalSection(SolutionProperties) = preSolution
		HideSolutionNode = FALSE
	EndGlobalSection
	GlobalSection(ExtensibilityGlobals) = postSolution
		SolutionGuid = {B6634322-9D83-4399-8BC3-BAC6383BC552}
	EndGlobalSection
EndGlobal
